
Microsoft Visual Studio Solution File, Format Version 12.00
# Visual Studio 14
VisualStudioVersion = 14.0.25420.1
MinimumVisualStudioVersion = 10.0.40219.1
Project("{FAE04EC0-301F-11D3-BF4B-00C04F79EFBC}") = "ConnectFour", "ConnectFour\ConnectFour.csproj", "{4658B9BF-1C45-44F1-83F9-266D37D5FFBB}"
EndProject
Project("{FAE04EC0-301F-11D3-BF4B-00C04F79EFBC}") = "ConnectFour.Test", "ConnectFour.Test\ConnectFour.Test.csproj", "{E0386297-390F-4CEB-ADB7-89524396890A}"
EndProject
Project("{FAE04EC0-301F-11D3-BF4B-00C04F79EFBC}") = "ConnectFour.Console", "ConnectFour.Console\ConnectFour.Console.csproj", "{2A8565BD-0403-4D1F-AF04-8AF3B68957D1}"
EndProject
Global
	GlobalSection(SolutionConfigurationPlatforms) = preSolution
		Debug|Any CPU = Debug|Any CPU
		Release|Any CPU = Release|Any CPU
	EndGlobalSection
	GlobalSection(ProjectConfigurationPlatforms) = postSolution
		{4658B9BF-1C45-44F1-83F9-266D37D5FFBB}.Debug|Any CPU.ActiveCfg = Debug|Any CPU
		{4658B9BF-1C45-44F1-83F9-266D37D5FFBB}.Debug|Any CPU.Build.0 = Debug|Any CPU
		{4658B9BF-1C45-44F1-83F9-266D37D5FFBB}.Release|Any CPU.ActiveCfg = Release|Any CPU
		{4658B9BF-1C45-44F1-83F9-266D37D5FFBB}.Release|Any CPU.Build.0 = Release|Any CPU
		{E0386297-390F-4CEB-ADB7-89524396890A}.Debug|Any CPU.ActiveCfg = Debug|Any CPU
		{E0386297-390F-4CEB-ADB7-89524396890A}.Debug|Any CPU.Build.0 = Debug|Any CPU
		{E0386297-390F-4CEB-ADB7-89524396890A}.Release|Any CPU.ActiveCfg = Release|Any CPU
		{E0386297-390F-4CEB-ADB7-89524396890A}.Release|Any CPU.Build.0 = Release|Any CPU
		{2A8565BD-0403-4D1F-AF04-8AF3B68957D1}.Debug|Any CPU.ActiveCfg = Debug|Any CPU
		{2A8565BD-0403-4D1F-AF04-8AF3B68957D1}.Debug|Any CPU.Build.0 = Debug|Any CPU
		{2A8565BD-0403-4D1F-AF04-8AF3B68957D1}.Release|Any CPU.ActiveCfg = Release|Any CPU
		{2A8565BD-0403-4D1F-AF04-8AF3B68957D1}.Release|Any CPU.Build.0 = Release|Any CPU
	EndGlobalSection
	GlobalSection(SolutionProperties) = preSolution
		HideSolutionNode = FALSE
	EndGlobalSection
EndGlobal
